
Microsoft Visual Studio Solution File, Format Version 12.00
# Visual Studio Version 16
VisualStudioVersion = 16.0.30011.22
MinimumVisualStudioVersion = 10.0.40219.1
Project("{FAE04EC0-301F-11D3-BF4B-00C04F79EFBC}") = "app2021", "app2021\app2021.csproj", "{A1920F81-5160-4D6E-8B31-F3FEF13C05A0}"
EndProject
Global
	GlobalSection(SolutionConfigurationPlatforms) = preSolution
		Debug|Any CPU = Debug|Any CPU
		Release|Any CPU = Release|Any CPU
	EndGlobalSection
	GlobalSection(ProjectConfigurationPlatforms) = postSolution
		{A1920F81-5160-4D6E-8B31-F3FEF13C05A0}.Debug|Any CPU.ActiveCfg = Debug|Any CPU
		{A1920F81-5160-4D6E-8B31-F3FEF13C05A0}.Debug|Any CPU.Build.0 = Debug|Any CPU
		{A1920F81-5160-4D6E-8B31-F3FEF13C05A0}.Release|Any CPU.ActiveCfg = Release|Any CPU
		{A1920F81-5160-4D6E-8B31-F3FEF13C05A0}.Release|Any CPU.Build.0 = Release|Any CPU
	EndGlobalSection
	GlobalSection(SolutionProperties) = preSolution
		HideSolutionNode = FALSE
	EndGlobalSection
	GlobalSection(ExtensibilityGlobals) = postSolution
		SolutionGuid = {47AD2A6D-1DD4-4200-BC8E-D46586E273B2}
	EndGlobalSection
EndGlobal
